// !$*UTF8*$!
{
	archiveVersion = 1;
	classes = {
	};
	objectVersion = 46;
	objects = {

/* Begin PBXBuildFile section */
		2CC4558D1BC3AD36009C5076 /* AppDelegate.swift in Sources */ = {isa = PBXBuildFile; fileRef = 2CC4558C1BC3AD36009C5076 /* AppDelegate.swift */; };
		2CC4558F1BC3AD36009C5076 /* ViewController.swift in Sources */ = {isa = PBXBuildFile; fileRef = 2CC4558E1BC3AD36009C5076 /* ViewController.swift */; };
		2CC455921BC3AD36009C5076 /* Main.storyboard in Resources */ = {isa = PBXBuildFile; fileRef = 2CC455901BC3AD36009C5076 /* Main.storyboard */; };
		2CC455941BC3AD36009C5076 /* Assets.xcassets in Resources */ = {isa = PBXBuildFile; fileRef = 2CC455931BC3AD36009C5076 /* Assets.xcassets */; };
		2CC455971BC3AD36009C5076 /* LaunchScreen.storyboard in Resources */ = {isa = PBXBuildFile; fileRef = 2CC455951BC3AD36009C5076 /* LaunchScreen.storyboard */; };
/* End PBXBuildFile section */

/* Begin PBXFileReference section */
		2CC455891BC3AD36009C5076 /* Multiples.app */ = {isa = PBXFileReference; explicitFileType = wrapper.application; includeInIndex = 0; path = Multiples.app; sourceTree = BUILT_PRODUCTS_DIR; };
		2CC4558C1BC3AD36009C5076 /* AppDelegate.swift */ = {isa = PBXFileReference; lastKnownFileType = sourcecode.swift; path = AppDelegate.swift; sourceTree = "<group>"; };
		2CC4558E1BC3AD36009C5076 /* ViewController.swift */ = {isa = PBXFileReference; lastKnownFileType = sourcecode.swift; path = ViewController.swift; sourceTree = "<group>"; };
		2CC455911BC3AD36009C5076 /* Base */ = {isa = PBXFileReference; lastKnownFileType = file.storyboard; name = Base; path = Base.lproj/Main.storyboard; sourceTree = "<group>"; };
		2CC455931BC3AD36009C5076 /* Assets.xcassets */ = {isa = PBXFileReference; lastKnownFileType = folder.assetcatalog; path = Assets.xcassets; sourceTree = "<group>"; };
		2CC455961BC3AD36009C5076 /* Base */ = {isa = PBXFileReference; lastKnownFileType = file.storyboard; name = Base; path = Base.lproj/LaunchScreen.storyboard; sourceTree = "<group>"; };
		2CC455981BC3AD36009C5076 /* Info.plist */ = {isa = PBXFileReference; lastKnownFileType = text.plist.xml; path = Info.plist; sourceTree = "<group>"; };
/* End PBXFileReference section */

/* Begin PBXFrameworksBuildPhase section */
		2CC455861BC3AD36009C5076 /* Frameworks */ = {
			isa = PBXFrameworksBuildPhase;
			buildActionMask = 2147483647;
			files = (
			);
			runOnlyForDeploymentPostprocessing = 0;
		};
/* End PBXFrameworksBuildPhase section */

/* Begin PBXGroup section */
		2CC455801BC3AD36009C5076 = {
			isa = PBXGroup;
			children = (
				2CC4558B1BC3AD36009C5076 /* Multiples */,
				2CC4558A1BC3AD36009C5076 /* Products */,
			);
			sourceTree = "<group>";
		};
		2CC4558A1BC3AD36009C5076 /* Products */ = {
			isa = PBXGroup;
			children = (
				2CC455891BC3AD36009C5076 /* Multiples.app */,
			);
			name = Products;
			sourceTree = "<group>";
		};
		2CC4558B1BC3AD36009C5076 /* Multiples */ = {
			isa = PBXGroup;
			children = (
				2CC4558C1BC3AD36009C5076 /* AppDelegate.swift */,
				2CC4558E1BC3AD36009C5076 /* ViewController.swift */,
				2CC455901BC3AD36009C5076 /* Main.storyboard */,
				2CC455931BC3AD36009C5076 /* Assets.xcassets */,
				2CC455951BC3AD36009C5076 /* LaunchScreen.storyboard */,
				2CC455981BC3AD36009C5076 /* Info.plist */,
			);
			path = Multiples;
			sourceTree = "<group>";
		};
/* End PBXGroup section */

/* Begin PBXNativeTarget section */
		2CC455881BC3AD36009C5076 /* Multiples */ = {
			isa = PBXNativeTarget;
			buildConfigurationList = 2CC4559B1BC3AD36009C5076 /* Build configuration list for PBXNativeTarget "Multiples" */;
			buildPhases = (
				2CC455851BC3AD36009C5076 /* Sources */,
				2CC455861BC3AD36009C5076 /* Frameworks */,
				2CC455871BC3AD36009C5076 /* Resources */,
			);
			buildRules = (
			);
			dependencies = (
			);
			name = Multiples;
			productName = Multiples;
			productReference = 2CC455891BC3AD36009C5076 /* Multiples.app */;
			productType = "com.apple.product-type.application";
		};
/* End PBXNativeTarget section */

/* Begin PBXProject section */
		2CC455811BC3AD36009C5076 /* Project object */ = {
			isa = PBXProject;
			attributes = {
				LastUpgradeCheck = 0700;
				ORGANIZATIONNAME = "shivam kaushik";
				TargetAttributes = {
					2CC455881BC3AD36009C5076 = {
						CreatedOnToolsVersion = 7.0;
					};
				};
			};
			buildConfigurationList = 2CC455841BC3AD36009C5076 /* Build configuration list for PBXProject "Multiples" */;
			compatibilityVersion = "Xcode 3.2";
			developmentRegion = English;
			hasScannedForEncodings = 0;
			knownRegions = (
				en,
				Base,
			);
			mainGroup = 2CC455801BC3AD36009C5076;
			productRefGroup = 2CC4558A1BC3AD36009C5076 /* Products */;
			projectDirPath = "";
			projectRoot = "";
			targets = (
				2CC455881BC3AD36009C5076 /* Multiples */,
			);
		};
/* End PBXProject section */

/* Begin PBXResourcesBuildPhase section */
		2CC455871BC3AD36009C5076 /* Resources */ = {
			isa = PBXResourcesBuildPhase;
			buildActionMask = 2147483647;
			files = (
				2CC455971BC3AD36009C5076 /* LaunchScreen.storyboard in Resources */,
				2CC455941BC3AD36009C5076 /* Assets.xcassets in Resources */,
				2CC455921BC3AD36009C5076 /* Main.storyboard in Resources */,
			);
			runOnlyForDeploymentPostprocessing = 0;
		};
/* End PBXResourcesBuildPhase section */

/* Begin PBXSourcesBuildPhase section */
		2CC455851BC3AD36009C5076 /* Sources */ = {
			isa = PBXSourcesBuildPhase;
			buildActionMask = 2147483647;
			files = (
				2CC4558F1BC3AD36009C5076 /* ViewController.swift in Sources */,
				2CC4558D1BC3AD36009C5076 /* AppDelegate.swift in Sources */,
			);
			runOnlyForDeploymentPostprocessing = 0;
		};
/* End PBXSourcesBuildPhase section */

/* Begin PBXVariantGroup section */
		2CC455901BC3AD36009C5076 /* Main.storyboard */ = {
			isa = PBXVariantGroup;
			children = (
				2CC455911BC3AD36009C5076 /* Base */,
			);
			name = Main.storyboard;
			sourceTree = "<group>";
		};
		2CC455951BC3AD36009C5076 /* LaunchScreen.storyboard */ = {
			isa = PBXVariantGroup;
			children = (
				2CC455961BC3AD36009C5076 /* Base */,
			);
			name = LaunchScreen.storyboard;
			sourceTree = "<group>";
		};
/* End PBXVariantGroup section */

/* Begin XCBuildConfiguration section */
		2CC455991BC3AD36009C5076 /* Debug */ = {
			isa = XCBuildConfiguration;
			buildSettings = {
				ALWAYS_SEARCH_USER_PATHS = NO;
				CLANG_CXX_LANGUAGE_STANDARD = "gnu++0x";
				CLANG_CXX_LIBRARY = "libc++";
				CLANG_ENABLE_MODULES = YES;
				CLANG_ENABLE_OBJC_ARC = YES;
				CLANG_WARN_BOOL_CONVERSION = YES;
				CLANG_WARN_CONSTANT_CONVERSION = YES;
				CLANG_WARN_DIRECT_OBJC_ISA_USAGE = YES_ERROR;
				CLANG_WARN_EMPTY_BODY = YES;
				CLANG_WARN_ENUM_CONVERSION = YES;
				CLANG_WARN_INT_CONVERSION = YES;
				CLANG_WARN_OBJC_ROOT_CLASS = YES_ERROR;
				CLANG_WARN_UNREACHABLE_CODE = YES;
				CLANG_WARN__DUPLICATE_METHOD_MATCH = YES;
				"CODE_SIGN_IDENTITY[sdk=iphoneos*]" = "iPhone Developer";
				COPY_PHASE_STRIP = NO;
				DEBUG_INFORMATION_FORMAT = dwarf;
				ENABLE_STRICT_OBJC_MSGSEND = YES;
				ENABLE_TESTABILITY = YES;
				GCC_C_LANGUAGE_STANDARD = gnu99;
				GCC_DYNAMIC_NO_PIC = NO;
				GCC_NO_COMMON_BLOCKS = YES;
				GCC_OPTIMIZATION_LEVEL = 0;
				GCC_PREPROCESSOR_DEFINITIONS = (
					"DEBUG=1",
					"$(inherited)",
				);
				GCC_WARN_64_TO_32_BIT_CONVERSION = YES;
				GCC_WARN_ABOUT_RETURN_TYPE = YES_ERROR;
				GCC_WARN_UNDECLARED_SELECTOR = YES;
				GCC_WARN_UNINITIALIZED_AUTOS = YES_AGGRESSIVE;
				GCC_WARN_UNUSED_FUNCTION = YES;
				GCC_WARN_UNUSED_VARIABLE = YES;
				IPHONEOS_DEPLOYMENT_TARGET = 9.0;
				MTL_ENABLE_DEBUG_INFO = YES;
				ONLY_ACTIVE_ARCH = YES;
				SDKROOT = iphoneos;
				SWIFT_OPTIMIZATION_LEVEL = "-Onone";
			};
			name = Debug;
		};
		2CC4559A1BC3AD36009C5076 /* Release */ = {
			isa = XCBuildConfiguration;
			buildSettings = {
				ALWAYS_SEARCH_USER_PATHS = NO;
				CLANG_CXX_LANGUAGE_STANDARD = "gnu++0x";
				CLANG_CXX_LIBRARY = "libc++";
				CLANG_ENABLE_MODULES = YES;
				CLANG_ENABLE_OBJC_ARC = YES;
				CLANG_WARN_BOOL_CONVERSION = YES;
				CLANG_WARN_CONSTANT_CONVERSION = YES;
				CLANG_WARN_DIRECT_OBJC_ISA_USAGE = YES_ERROR;
				CLANG_WARN_EMPTY_BODY = YES;
				CLANG_WARN_ENUM_CONVERSION = YES;
				CLANG_WARN_INT_CONVERSION = YES;
				CLANG_WARN_OBJC_ROOT_CLASS = YES_ERROR;
				CLANG_WARN_UNREACHABLE_CODE = YES;
				CLANG_WARN__DUPLICATE_METHOD_MATCH = YES;
				"CODE_SIGN_IDENTITY[sdk=iphoneos*]" = "iPhone Developer";
				COPY_PHASE_STRIP = NO;
				DEBUG_INFORMATION_FORMAT = "dwarf-with-dsym";
				ENABLE_NS_ASSERTIONS = NO;
				ENABLE_STRICT_OBJC_MSGSEND = YES;
				GCC_C_LANGUAGE_STANDARD = gnu99;
				GCC_NO_COMMON_BLOCKS = YES;
				GCC_WARN_64_TO_32_BIT_CONVERSION = YES;
				GCC_WARN_ABOUT_RETURN_TYPE = YES_ERROR;
				GCC_WARN_UNDECLARED_SELECTOR = YES;
				GCC_WARN_UNINITIALIZED_AUTOS = YES_AGGRESSIVE;
				GCC_WARN_UNUSED_FUNCTION = YES;
				GCC_WARN_UNUSED_VARIABLE = YES;
				IPHONEOS_DEPLOYMENT_TARGET = 9.0;
				MTL_ENABLE_DEBUG_INFO = NO;
				SDKROOT = iphoneos;
				VALIDATE_PRODUCT = YES;
			};
			name = Release;
		};
		2CC4559C1BC3AD36009C5076 /* Debug */ = {
			isa = XCBuildConfiguration;
			buildSettings = {
				ASSETCATALOG_COMPILER_APPICON_NAME = AppIcon;
				INFOPLIST_FILE = Multiples/Info.plist;
				LD_RUNPATH_SEARCH_PATHS = "$(inherited) @executable_path/Frameworks";
				PRODUCT_BUNDLE_IDENTIFIER = com.shivamkaushik.www.Multiples;
				PRODUCT_NAME = "$(TARGET_NAME)";
			};
			name = Debug;
		};
		2CC4559D1BC3AD36009C5076 /* Release */ = {
			isa = XCBuildConfiguration;
			buildSettings = {
				ASSETCATALOG_COMPILER_APPICON_NAME = AppIcon;
				INFOPLIST_FILE = Multiples/Info.plist;
				LD_RUNPATH_SEARCH_PATHS = "$(inherited) @executable_path/Frameworks";
				PRODUCT_BUNDLE_IDENTIFIER = com.shivamkaushik.www.Multiples;
				PRODUCT_NAME = "$(TARGET_NAME)";
			};
			name = Release;
		};
/* End XCBuildConfiguration section */

/* Begin XCConfigurationList section */
		2CC455841BC3AD36009C5076 /* Build configuration list for PBXProject "Multiples" */ = {
			isa = XCConfigurationList;
			buildConfigurations = (
				2CC455991BC3AD36009C5076 /* Debug */,
				2CC4559A1BC3AD36009C5076 /* Release */,
			);
			defaultConfigurationIsVisible = 0;
			defaultConfigurationName = Release;
		};
		2CC4559B1BC3AD36009C5076 /* Build configuration list for PBXNativeTarget "Multiples" */ = {
			isa = XCConfigurationList;
			buildConfigurations = (
				2CC4559C1BC3AD36009C5076 /* Debug */,
				2CC4559D1BC3AD36009C5076 /* Release */,
			);
			defaultConfigurationIsVisible = 0;
		};
/* End XCConfigurationList section */
	};
	rootObject = 2CC455811BC3AD36009C5076 /* Project object */;
}
